
Microsoft Visual Studio Solution File, Format Version 12.00
# Visual Studio 2013
VisualStudioVersion = 12.0.21005.1
MinimumVisualStudioVersion = 10.0.40219.1
Project("{8BC9CEB8-8B4A-11D0-8D11-00A0C91BC942}") = "2000-10-14", "2000-10-14\2000-10-14.vcxproj", "{04C9F331-432E-4F61-B14D-0B9C9352C492}"
EndProject
Global
	GlobalSection(SolutionConfigurationPlatforms) = preSolution
		Debug|Win32 = Debug|Win32
		Release|Win32 = Release|Win32
	EndGlobalSection
	GlobalSection(ProjectConfigurationPlatforms) = postSolution
		{04C9F331-432E-4F61-B14D-0B9C9352C492}.Debug|Win32.ActiveCfg = Debug|Win32
		{04C9F331-432E-4F61-B14D-0B9C9352C492}.Debug|Win32.Build.0 = Debug|Win32
		{04C9F331-432E-4F61-B14D-0B9C9352C492}.Release|Win32.ActiveCfg = Release|Win32
		{04C9F331-432E-4F61-B14D-0B9C9352C492}.Release|Win32.Build.0 = Release|Win32
	EndGlobalSection
	GlobalSection(SolutionProperties) = preSolution
		HideSolutionNode = FALSE
	EndGlobalSection
EndGlobal
